// !$*UTF8*$!
{
	archiveVersion = 1;
	classes = {
	};
	objectVersion = 56;
	objects = {

/* Begin PBXBuildFile section */
		31BB6B8A2F2716910005B915 /* FirebaseAuth in Frameworks */ = {isa = PBXBuildFile; productRef = 31BB6B892F2716910005B915 /* FirebaseAuth */; };
		31BB6B8C2F2716910005B915 /* FirebaseFirestore in Frameworks */ = {isa = PBXBuildFile; productRef = 31BB6B8B2F2716910005B915 /* FirebaseFirestore */; };
		31BB6B8E2F2716910005B915 /* FirebaseMessaging in Frameworks */ = {isa = PBXBuildFile; productRef = 31BB6B8D2F2716910005B915 /* FirebaseMessaging */; };
		A1000001001800000000001A /* Life380App.swift in Sources */ = {isa = PBXBuildFile; fileRef = A1000001001700000000001A /* Life380App.swift */; };
		A1000001001800000000002A /* ContentView.swift in Sources */ = {isa = PBXBuildFile; fileRef = A1000001001700000000002A /* ContentView.swift */; };
		A1000001001800000000003A /* Assets.xcassets in Resources */ = {isa = PBXBuildFile; fileRef = A1000001001700000000003A /* Assets.xcassets */; };
		A1000001001800000000004A /* MapView.swift in Sources */ = {isa = PBXBuildFile; fileRef = A1000001001700000000004A /* MapView.swift */; };
		A1000001001800000000005A /* PlacesView.swift in Sources */ = {isa = PBXBuildFile; fileRef = A1000001001700000000005A /* PlacesView.swift */; };
		A1000001001800000000006A /* CircleView.swift in Sources */ = {isa = PBXBuildFile; fileRef = A1000001001700000000006A /* CircleView.swift */; };
		A1000001001800000000007A /* SettingsView.swift in Sources */ = {isa = PBXBuildFile; fileRef = A1000001001700000000007A /* SettingsView.swift */; };
		A1000001001800000000008A /* FamilyMember.swift in Sources */ = {isa = PBXBuildFile; fileRef = A1000001001700000000008A /* FamilyMember.swift */; };
		A1000001001800000000009A /* Place.swift in Sources */ = {isa = PBXBuildFile; fileRef = A1000001001700000000009A /* Place.swift */; };
		A1000001001800000000010A /* LocationManager.swift in Sources */ = {isa = PBXBuildFile; fileRef = A1000001001700000000010A /* LocationManager.swift */; };
		A1000001001800000000011A /* AuthenticationService.swift in Sources */ = {isa = PBXBuildFile; fileRef = A1000001001700000000012A /* AuthenticationService.swift */; };
		A1000001001800000000012A /* FirestoreService.swift in Sources */ = {isa = PBXBuildFile; fileRef = A1000001001700000000013A /* FirestoreService.swift */; };
		A1000001001800000000013A /* UserProfile.swift in Sources */ = {isa = PBXBuildFile; fileRef = A1000001001700000000014A /* UserProfile.swift */; };
		A1000001001800000000014A /* Circle.swift in Sources */ = {isa = PBXBuildFile; fileRef = A1000001001700000000015A /* Circle.swift */; };
		A1000001001800000000015A /* LoginView.swift in Sources */ = {isa = PBXBuildFile; fileRef = A1000001001700000000016A /* LoginView.swift */; };
		A1000001001800000000016A /* SignUpView.swift in Sources */ = {isa = PBXBuildFile; fileRef = A1000001001700000000017A /* SignUpView.swift */; };
		A1000001001800000000017A /* ForgotPasswordView.swift in Sources */ = {isa = PBXBuildFile; fileRef = A1000001001700000000018A /* ForgotPasswordView.swift */; };
		A1000001001800000000018A /* TermsOfServiceView.swift in Sources */ = {isa = PBXBuildFile; fileRef = A1000001001700000000019A /* TermsOfServiceView.swift */; };
		A1000001001800000000019A /* PrivacyPolicyView.swift in Sources */ = {isa = PBXBuildFile; fileRef = A1000001001700000000020A /* PrivacyPolicyView.swift */; };
		A1000001001800000000020A /* DeleteAccountView.swift in Sources */ = {isa = PBXBuildFile; fileRef = A1000001001700000000021A /* DeleteAccountView.swift */; };
		A1000001001800000000021A /* AppTheme.swift in Sources */ = {isa = PBXBuildFile; fileRef = A1000001001700000000022A /* AppTheme.swift */; };
		A1000001001800000000022A /* GoogleService-Info.plist in Resources */ = {isa = PBXBuildFile; fileRef = A1000001001700000000023A /* GoogleService-Info.plist */; };
		A1000001001800000000024A /* PrecisionLocation.swift in Sources */ = {isa = PBXBuildFile; fileRef = A1000001001700000000024A /* PrecisionLocation.swift */; };
		A1000001001800000000025A /* PrecisionLocationManager.swift in Sources */ = {isa = PBXBuildFile; fileRef = A1000001001700000000025A /* PrecisionLocationManager.swift */; };
		A1000001001800000000026A /* PrecisionIndicator.swift in Sources */ = {isa = PBXBuildFile; fileRef = A1000001001700000000026A /* PrecisionIndicator.swift */; };
		A1000001001800000000027A /* GeofenceDebugView.swift in Sources */ = {isa = PBXBuildFile; fileRef = A1000001001700000000027A /* GeofenceDebugView.swift */; };
		A1000001001800000000028A /* NotificationService.swift in Sources */ = {isa = PBXBuildFile; fileRef = A1000001001700000000028A /* NotificationService.swift */; };
		A1000001001800000000029A /* ETAService.swift in Sources */ = {isa = PBXBuildFile; fileRef = A1000001001700000000029A /* ETAService.swift */; };
		A1000001001800000000030A /* ETABadge.swift in Sources */ = {isa = PBXBuildFile; fileRef = A1000001001700000000030A /* ETABadge.swift */; };
		A1000001001800000000031A /* SOSService.swift in Sources */ = {isa = PBXBuildFile; fileRef = A1000001001700000000031A /* SOSService.swift */; };
		A1000001001800000000032A /* SOSButton.swift in Sources */ = {isa = PBXBuildFile; fileRef = A1000001001700000000032A /* SOSButton.swift */; };
		A1000001001800000000033A /* Insights.swift in Sources */ = {isa = PBXBuildFile; fileRef = A1000001001700000000033A /* Insights.swift */; };
		A1000001001800000000034A /* InsightsService.swift in Sources */ = {isa = PBXBuildFile; fileRef = A1000001001700000000034A /* InsightsService.swift */; };
		A1000001001800000000035A /* InsightsView.swift in Sources */ = {isa = PBXBuildFile; fileRef = A1000001001700000000035A /* InsightsView.swift */; };
		A1000001001800000000036A /* BetaFeedbackView.swift in Sources */ = {isa = PBXBuildFile; fileRef = A1000001001700000000036A /* BetaFeedbackView.swift */; };
		A1000001001800000000037A /* BiometricAuthService.swift in Sources */ = {isa = PBXBuildFile; fileRef = A1000001001700000000037A /* BiometricAuthService.swift */; };
		A1000001001800000000038A /* LocationHistoryView.swift in Sources */ = {isa = PBXBuildFile; fileRef = A1000001001700000000038A /* LocationHistoryView.swift */; };
		A1000001001800000000039A /* SecurityService.swift in Sources */ = {isa = PBXBuildFile; fileRef = A1000001001700000000039A /* SecurityService.swift */; };
/* End PBXBuildFile section */

/* Begin PBXFileReference section */
		A1000001001600000000001A /* Life380.app */ = {isa = PBXFileReference; explicitFileType = wrapper.application; includeInIndex = 0; path = Life380.app; sourceTree = BUILT_PRODUCTS_DIR; };
		A1000001001700000000001A /* Life380App.swift */ = {isa = PBXFileReference; lastKnownFileType = sourcecode.swift; path = Life380App.swift; sourceTree = "<group>"; };
		A1000001001700000000002A /* ContentView.swift */ = {isa = PBXFileReference; lastKnownFileType = sourcecode.swift; path = ContentView.swift; sourceTree = "<group>"; };
		A1000001001700000000003A /* Assets.xcassets */ = {isa = PBXFileReference; lastKnownFileType = folder.assetcatalog; path = Assets.xcassets; sourceTree = "<group>"; };
		A1000001001700000000004A /* MapView.swift */ = {isa = PBXFileReference; lastKnownFileType = sourcecode.swift; path = MapView.swift; sourceTree = "<group>"; };
		A1000001001700000000005A /* PlacesView.swift */ = {isa = PBXFileReference; lastKnownFileType = sourcecode.swift; path = PlacesView.swift; sourceTree = "<group>"; };
		A1000001001700000000006A /* CircleView.swift */ = {isa = PBXFileReference; lastKnownFileType = sourcecode.swift; path = CircleView.swift; sourceTree = "<group>"; };
		A1000001001700000000007A /* SettingsView.swift */ = {isa = PBXFileReference; lastKnownFileType = sourcecode.swift; path = SettingsView.swift; sourceTree = "<group>"; };
		A1000001001700000000008A /* FamilyMember.swift */ = {isa = PBXFileReference; lastKnownFileType = sourcecode.swift; path = FamilyMember.swift; sourceTree = "<group>"; };
		A1000001001700000000009A /* Place.swift */ = {isa = PBXFileReference; lastKnownFileType = sourcecode.swift; path = Place.swift; sourceTree = "<group>"; };
		A1000001001700000000010A /* LocationManager.swift */ = {isa = PBXFileReference; lastKnownFileType = sourcecode.swift; path = LocationManager.swift; sourceTree = "<group>"; };
		A1000001001700000000011A /* Info.plist */ = {isa = PBXFileReference; lastKnownFileType = text.plist.xml; path = Info.plist; sourceTree = "<group>"; };
		A1000001001700000000012A /* AuthenticationService.swift */ = {isa = PBXFileReference; lastKnownFileType = sourcecode.swift; path = AuthenticationService.swift; sourceTree = "<group>"; };
		A1000001001700000000013A /* FirestoreService.swift */ = {isa = PBXFileReference; lastKnownFileType = sourcecode.swift; path = FirestoreService.swift; sourceTree = "<group>"; };
		A1000001001700000000014A /* UserProfile.swift */ = {isa = PBXFileReference; lastKnownFileType = sourcecode.swift; path = UserProfile.swift; sourceTree = "<group>"; };
		A1000001001700000000015A /* Circle.swift */ = {isa = PBXFileReference; lastKnownFileType = sourcecode.swift; path = Circle.swift; sourceTree = "<group>"; };
		A1000001001700000000016A /* LoginView.swift */ = {isa = PBXFileReference; lastKnownFileType = sourcecode.swift; path = LoginView.swift; sourceTree = "<group>"; };
		A1000001001700000000017A /* SignUpView.swift */ = {isa = PBXFileReference; lastKnownFileType = sourcecode.swift; path = SignUpView.swift; sourceTree = "<group>"; };
		A1000001001700000000018A /* ForgotPasswordView.swift */ = {isa = PBXFileReference; lastKnownFileType = sourcecode.swift; path = ForgotPasswordView.swift; sourceTree = "<group>"; };
		A1000001001700000000019A /* TermsOfServiceView.swift */ = {isa = PBXFileReference; lastKnownFileType = sourcecode.swift; path = TermsOfServiceView.swift; sourceTree = "<group>"; };
		A1000001001700000000020A /* PrivacyPolicyView.swift */ = {isa = PBXFileReference; lastKnownFileType = sourcecode.swift; path = PrivacyPolicyView.swift; sourceTree = "<group>"; };
		A1000001001700000000021A /* DeleteAccountView.swift */ = {isa = PBXFileReference; lastKnownFileType = sourcecode.swift; path = DeleteAccountView.swift; sourceTree = "<group>"; };
		A1000001001700000000022A /* AppTheme.swift */ = {isa = PBXFileReference; lastKnownFileType = sourcecode.swift; path = AppTheme.swift; sourceTree = "<group>"; };
		A1000001001700000000023A /* GoogleService-Info.plist */ = {isa = PBXFileReference; lastKnownFileType = text.plist.xml; path = "GoogleService-Info.plist"; sourceTree = "<group>"; };
		A1000001001700000000024A /* PrecisionLocation.swift */ = {isa = PBXFileReference; lastKnownFileType = sourcecode.swift; path = PrecisionLocation.swift; sourceTree = "<group>"; };
		A1000001001700000000025A /* PrecisionLocationManager.swift */ = {isa = PBXFileReference; lastKnownFileType = sourcecode.swift; path = PrecisionLocationManager.swift; sourceTree = "<group>"; };
		A1000001001700000000026A /* PrecisionIndicator.swift */ = {isa = PBXFileReference; lastKnownFileType = sourcecode.swift; path = PrecisionIndicator.swift; sourceTree = "<group>"; };
		A1000001001700000000027A /* GeofenceDebugView.swift */ = {isa = PBXFileReference; lastKnownFileType = sourcecode.swift; path = GeofenceDebugView.swift; sourceTree = "<group>"; };
		A1000001001700000000028A /* NotificationService.swift */ = {isa = PBXFileReference; lastKnownFileType = sourcecode.swift; path = NotificationService.swift; sourceTree = "<group>"; };
		A1000001001700000000029A /* ETAService.swift */ = {isa = PBXFileReference; lastKnownFileType = sourcecode.swift; path = ETAService.swift; sourceTree = "<group>"; };
		A1000001001700000000030A /* ETABadge.swift */ = {isa = PBXFileReference; lastKnownFileType = sourcecode.swift; path = ETABadge.swift; sourceTree = "<group>"; };
		A1000001001700000000031A /* SOSService.swift */ = {isa = PBXFileReference; lastKnownFileType = sourcecode.swift; path = SOSService.swift; sourceTree = "<group>"; };
		A1000001001700000000032A /* SOSButton.swift */ = {isa = PBXFileReference; lastKnownFileType = sourcecode.swift; path = SOSButton.swift; sourceTree = "<group>"; };
		A1000001001700000000033A /* Insights.swift */ = {isa = PBXFileReference; lastKnownFileType = sourcecode.swift; path = Insights.swift; sourceTree = "<group>"; };
		A1000001001700000000034A /* InsightsService.swift */ = {isa = PBXFileReference; lastKnownFileType = sourcecode.swift; path = InsightsService.swift; sourceTree = "<group>"; };
		A1000001001700000000035A /* InsightsView.swift */ = {isa = PBXFileReference; lastKnownFileType = sourcecode.swift; path = InsightsView.swift; sourceTree = "<group>"; };
		A1000001001700000000036A /* BetaFeedbackView.swift */ = {isa = PBXFileReference; lastKnownFileType = sourcecode.swift; path = BetaFeedbackView.swift; sourceTree = "<group>"; };
		A1000001001700000000037A /* BiometricAuthService.swift */ = {isa = PBXFileReference; lastKnownFileType = sourcecode.swift; path = BiometricAuthService.swift; sourceTree = "<group>"; };
		A1000001001700000000038A /* LocationHistoryView.swift */ = {isa = PBXFileReference; lastKnownFileType = sourcecode.swift; path = LocationHistoryView.swift; sourceTree = "<group>"; };
		A1000001001700000000039A /* SecurityService.swift */ = {isa = PBXFileReference; lastKnownFileType = sourcecode.swift; path = SecurityService.swift; sourceTree = "<group>"; };
/* End PBXFileReference section */

/* Begin PBXFrameworksBuildPhase section */
		A1000001001300000000001A /* Frameworks */ = {
			isa = PBXFrameworksBuildPhase;
			buildActionMask = 2147483647;
			files = (
				31BB6B8E2F2716910005B915 /* FirebaseMessaging in Frameworks */,
				31BB6B8A2F2716910005B915 /* FirebaseAuth in Frameworks */,
				31BB6B8C2F2716910005B915 /* FirebaseFirestore in Frameworks */,
			);
			runOnlyForDeploymentPostprocessing = 0;
		};
/* End PBXFrameworksBuildPhase section */

/* Begin PBXGroup section */
		A1000001001100000000001A = {
			isa = PBXGroup;
			children = (
				A1000001001200000000001A /* Life380 */,
				A1000001001500000000001A /* Products */,
			);
			sourceTree = "<group>";
		};
		A1000001001200000000001A /* Life380 */ = {
			isa = PBXGroup;
			children = (
				A1000001001700000000001A /* Life380App.swift */,
				A1000001001700000000002A /* ContentView.swift */,
				A1000001001200000000002A /* Views */,
				A1000001001200000000003A /* Models */,
				A1000001001200000000004A /* Services */,
				A1000001001200000000008A /* Theme */,
				A1000001001700000000003A /* Assets.xcassets */,
				A1000001001700000000011A /* Info.plist */,
			);
			path = Life380;
			sourceTree = "<group>";
		};
		A1000001001200000000002A /* Views */ = {
			isa = PBXGroup;
			children = (
				A1000001001700000000004A /* MapView.swift */,
				A1000001001700000000005A /* PlacesView.swift */,
				A1000001001700000000006A /* CircleView.swift */,
				A1000001001700000000007A /* SettingsView.swift */,
				A1000001001700000000035A /* InsightsView.swift */,
				A1000001001700000000038A /* LocationHistoryView.swift */,
				A1000001001200000000005A /* Auth */,
				A1000001001200000000006A /* Legal */,
				A1000001001200000000007A /* Settings */,
				A1000001001200000000009A /* Components */,
			);
			path = Views;
			sourceTree = "<group>";
		};
		A1000001001200000000003A /* Models */ = {
			isa = PBXGroup;
			children = (
				A1000001001700000000008A /* FamilyMember.swift */,
				A1000001001700000000009A /* Place.swift */,
				A1000001001700000000014A /* UserProfile.swift */,
				A1000001001700000000015A /* Circle.swift */,
				A1000001001700000000024A /* PrecisionLocation.swift */,
				A1000001001700000000033A /* Insights.swift */,
			);
			path = Models;
			sourceTree = "<group>";
		};
		A1000001001200000000004A /* Services */ = {
			isa = PBXGroup;
			children = (
				A1000001001700000000010A /* LocationManager.swift */,
				A1000001001700000000025A /* PrecisionLocationManager.swift */,
				A1000001001700000000012A /* AuthenticationService.swift */,
				A1000001001700000000013A /* FirestoreService.swift */,
				A1000001001700000000028A /* NotificationService.swift */,
				A1000001001700000000029A /* ETAService.swift */,
				A1000001001700000000031A /* SOSService.swift */,
				A1000001001700000000034A /* InsightsService.swift */,
				A1000001001700000000037A /* BiometricAuthService.swift */,
				A1000001001700000000039A /* SecurityService.swift */,
				A1000001001700000000023A /* GoogleService-Info.plist */,
			);
			path = Services;
			sourceTree = "<group>";
		};
		A1000001001200000000005A /* Auth */ = {
			isa = PBXGroup;
			children = (
				A1000001001700000000016A /* LoginView.swift */,
				A1000001001700000000017A /* SignUpView.swift */,
				A1000001001700000000018A /* ForgotPasswordView.swift */,
			);
			path = Auth;
			sourceTree = "<group>";
		};
		A1000001001200000000006A /* Legal */ = {
			isa = PBXGroup;
			children = (
				A1000001001700000000019A /* TermsOfServiceView.swift */,
				A1000001001700000000020A /* PrivacyPolicyView.swift */,
			);
			path = Legal;
			sourceTree = "<group>";
		};
		A1000001001200000000007A /* Settings */ = {
			isa = PBXGroup;
			children = (
				A1000001001700000000021A /* DeleteAccountView.swift */,
				A1000001001700000000036A /* BetaFeedbackView.swift */,
			);
			path = Settings;
			sourceTree = "<group>";
		};
		A1000001001200000000008A /* Theme */ = {
			isa = PBXGroup;
			children = (
				A1000001001700000000022A /* AppTheme.swift */,
			);
			path = Theme;
			sourceTree = "<group>";
		};
		A1000001001200000000009A /* Components */ = {
			isa = PBXGroup;
			children = (
				A1000001001700000000026A /* PrecisionIndicator.swift */,
				A1000001001700000000027A /* GeofenceDebugView.swift */,
				A1000001001700000000030A /* ETABadge.swift */,
				A1000001001700000000032A /* SOSButton.swift */,
			);
			path = Components;
			sourceTree = "<group>";
		};
		A1000001001500000000001A /* Products */ = {
			isa = PBXGroup;
			children = (
				A1000001001600000000001A /* Life380.app */,
			);
			name = Products;
			sourceTree = "<group>";
		};
/* End PBXGroup section */

/* Begin PBXNativeTarget section */
		A1000001001400000000001A /* Life380 */ = {
			isa = PBXNativeTarget;
			buildConfigurationList = A1000001002100000000001A /* Build configuration list for PBXNativeTarget "Life380" */;
			buildPhases = (
				A1000001001300000000002A /* Sources */,
				A1000001001300000000001A /* Frameworks */,
				A1000001001300000000003A /* Resources */,
			);
			buildRules = (
			);
			dependencies = (
			);
			name = Life380;
			packageProductDependencies = (
				31BB6B892F2716910005B915 /* FirebaseAuth */,
				31BB6B8B2F2716910005B915 /* FirebaseFirestore */,
				31BB6B8D2F2716910005B915 /* FirebaseMessaging */,
			);
			productName = Life380;
			productReference = A1000001001600000000001A /* Life380.app */;
			productType = "com.apple.product-type.application";
		};
/* End PBXNativeTarget section */

/* Begin PBXProject section */
		A1000001001000000000001A /* Project object */ = {
			isa = PBXProject;
			attributes = {
				BuildIndependentTargetsInParallel = 1;
				LastSwiftUpdateCheck = 1500;
				LastUpgradeCheck = 2620;
				TargetAttributes = {
					A1000001001400000000001A = {
						CreatedOnToolsVersion = 15.0;
					};
				};
			};
			buildConfigurationList = A1000001002000000000001A /* Build configuration list for PBXProject "Life380" */;
			compatibilityVersion = "Xcode 14.0";
			developmentRegion = en;
			hasScannedForEncodings = 0;
			knownRegions = (
				en,
				Base,
			);
			mainGroup = A1000001001100000000001A;
			packageReferences = (
				31BB6B882F2716910005B915 /* XCRemoteSwiftPackageReference "firebase-ios-sdk" */,
			);
			productRefGroup = A1000001001500000000001A /* Products */;
			projectDirPath = "";
			projectRoot = "";
			targets = (
				A1000001001400000000001A /* Life380 */,
			);
		};
/* End PBXProject section */

/* Begin PBXResourcesBuildPhase section */
		A1000001001300000000003A /* Resources */ = {
			isa = PBXResourcesBuildPhase;
			buildActionMask = 2147483647;
			files = (
				A1000001001800000000003A /* Assets.xcassets in Resources */,
				A1000001001800000000022A /* GoogleService-Info.plist in Resources */,
			);
			runOnlyForDeploymentPostprocessing = 0;
		};
/* End PBXResourcesBuildPhase section */

/* Begin PBXSourcesBuildPhase section */
		A1000001001300000000002A /* Sources */ = {
			isa = PBXSourcesBuildPhase;
			buildActionMask = 2147483647;
			files = (
				A1000001001800000000001A /* Life380App.swift in Sources */,
				A1000001001800000000002A /* ContentView.swift in Sources */,
				A1000001001800000000004A /* MapView.swift in Sources */,
				A1000001001800000000005A /* PlacesView.swift in Sources */,
				A1000001001800000000006A /* CircleView.swift in Sources */,
				A1000001001800000000007A /* SettingsView.swift in Sources */,
				A1000001001800000000008A /* FamilyMember.swift in Sources */,
				A1000001001800000000009A /* Place.swift in Sources */,
				A1000001001800000000010A /* LocationManager.swift in Sources */,
				A1000001001800000000011A /* AuthenticationService.swift in Sources */,
				A1000001001800000000012A /* FirestoreService.swift in Sources */,
				A1000001001800000000013A /* UserProfile.swift in Sources */,
				A1000001001800000000014A /* Circle.swift in Sources */,
				A1000001001800000000015A /* LoginView.swift in Sources */,
				A1000001001800000000016A /* SignUpView.swift in Sources */,
				A1000001001800000000017A /* ForgotPasswordView.swift in Sources */,
				A1000001001800000000018A /* TermsOfServiceView.swift in Sources */,
				A1000001001800000000019A /* PrivacyPolicyView.swift in Sources */,
				A1000001001800000000020A /* DeleteAccountView.swift in Sources */,
				A1000001001800000000021A /* AppTheme.swift in Sources */,
				A1000001001800000000024A /* PrecisionLocation.swift in Sources */,
				A1000001001800000000025A /* PrecisionLocationManager.swift in Sources */,
				A1000001001800000000026A /* PrecisionIndicator.swift in Sources */,
				A1000001001800000000027A /* GeofenceDebugView.swift in Sources */,
				A1000001001800000000028A /* NotificationService.swift in Sources */,
				A1000001001800000000029A /* ETAService.swift in Sources */,
				A1000001001800000000030A /* ETABadge.swift in Sources */,
				A1000001001800000000031A /* SOSService.swift in Sources */,
				A1000001001800000000032A /* SOSButton.swift in Sources */,
				A1000001001800000000033A /* Insights.swift in Sources */,
				A1000001001800000000034A /* InsightsService.swift in Sources */,
				A1000001001800000000035A /* InsightsView.swift in Sources */,
				A1000001001800000000036A /* BetaFeedbackView.swift in Sources */,
				A1000001001800000000037A /* BiometricAuthService.swift in Sources */,
				A1000001001800000000038A /* LocationHistoryView.swift in Sources */,
				A1000001001800000000039A /* SecurityService.swift in Sources */,
			);
			runOnlyForDeploymentPostprocessing = 0;
		};
/* End PBXSourcesBuildPhase section */

/* Begin XCBuildConfiguration section */
		A1000001001900000000001A /* Debug */ = {
			isa = XCBuildConfiguration;
			buildSettings = {
				ALWAYS_SEARCH_USER_PATHS = NO;
				ASSETCATALOG_COMPILER_GENERATE_SWIFT_ASSET_SYMBOL_EXTENSIONS = YES;
				CLANG_ANALYZER_NONNULL = YES;
				CLANG_ANALYZER_NUMBER_OBJECT_CONVERSION = YES_AGGRESSIVE;
				CLANG_CXX_LANGUAGE_STANDARD = "gnu++20";
				CLANG_ENABLE_MODULES = YES;
				CLANG_ENABLE_OBJC_ARC = YES;
				CLANG_ENABLE_OBJC_WEAK = YES;
				CLANG_WARN_BLOCK_CAPTURE_AUTORELEASING = YES;
				CLANG_WARN_BOOL_CONVERSION = YES;
				CLANG_WARN_COMMA = YES;
				CLANG_WARN_CONSTANT_CONVERSION = YES;
				CLANG_WARN_DEPRECATED_OBJC_IMPLEMENTATIONS = YES;
				CLANG_WARN_DIRECT_OBJC_ISA_USAGE = YES_ERROR;
				CLANG_WARN_DOCUMENTATION_COMMENTS = YES;
				CLANG_WARN_EMPTY_BODY = YES;
				CLANG_WARN_ENUM_CONVERSION = YES;
				CLANG_WARN_INFINITE_RECURSION = YES;
				CLANG_WARN_INT_CONVERSION = YES;
				CLANG_WARN_NON_LITERAL_NULL_CONVERSION = YES;
				CLANG_WARN_OBJC_IMPLICIT_RETAIN_SELF = YES;
				CLANG_WARN_OBJC_LITERAL_CONVERSION = YES;
				CLANG_WARN_OBJC_ROOT_CLASS = YES_ERROR;
				CLANG_WARN_QUOTED_INCLUDE_IN_FRAMEWORK_HEADER = YES;
				CLANG_WARN_RANGE_LOOP_ANALYSIS = YES;
				CLANG_WARN_STRICT_PROTOTYPES = YES;
				CLANG_WARN_SUSPICIOUS_MOVE = YES;
				CLANG_WARN_UNGUARDED_AVAILABILITY = YES_AGGRESSIVE;
				CLANG_WARN_UNREACHABLE_CODE = YES;
				CLANG_WARN__DUPLICATE_METHOD_MATCH = YES;
				COPY_PHASE_STRIP = NO;
				DEBUG_INFORMATION_FORMAT = dwarf;
				ENABLE_STRICT_OBJC_MSGSEND = YES;
				ENABLE_TESTABILITY = YES;
				ENABLE_USER_SCRIPT_SANDBOXING = YES;
				GCC_C_LANGUAGE_STANDARD = gnu17;
				GCC_DYNAMIC_NO_PIC = NO;
				GCC_NO_COMMON_BLOCKS = YES;
				GCC_OPTIMIZATION_LEVEL = 0;
				GCC_PREPROCESSOR_DEFINITIONS = (
					"DEBUG=1",
					"$(inherited)",
				);
				GCC_WARN_64_TO_32_BIT_CONVERSION = YES;
				GCC_WARN_ABOUT_RETURN_TYPE = YES_ERROR;
				GCC_WARN_UNDECLARED_SELECTOR = YES;
				GCC_WARN_UNINITIALIZED_AUTOS = YES_AGGRESSIVE;
				GCC_WARN_UNUSED_FUNCTION = YES;
				GCC_WARN_UNUSED_VARIABLE = YES;
				IPHONEOS_DEPLOYMENT_TARGET = 17.0;
				LOCALIZATION_PREFERS_STRING_CATALOGS = YES;
				MTL_ENABLE_DEBUG_INFO = INCLUDE_SOURCE;
				MTL_FAST_MATH = YES;
				ONLY_ACTIVE_ARCH = YES;
				SDKROOT = iphoneos;
				SWIFT_ACTIVE_COMPILATION_CONDITIONS = "DEBUG $(inherited)";
				SWIFT_OPTIMIZATION_LEVEL = "-Onone";
			};
			name = Debug;
		};
		A1000001001900000000002A /* Release */ = {
			isa = XCBuildConfiguration;
			buildSettings = {
				ALWAYS_SEARCH_USER_PATHS = NO;
				ASSETCATALOG_COMPILER_GENERATE_SWIFT_ASSET_SYMBOL_EXTENSIONS = YES;
				CLANG_ANALYZER_NONNULL = YES;
				CLANG_ANALYZER_NUMBER_OBJECT_CONVERSION = YES_AGGRESSIVE;
				CLANG_CXX_LANGUAGE_STANDARD = "gnu++20";
				CLANG_ENABLE_MODULES = YES;
				CLANG_ENABLE_OBJC_ARC = YES;
				CLANG_ENABLE_OBJC_WEAK = YES;
				CLANG_WARN_BLOCK_CAPTURE_AUTORELEASING = YES;
				CLANG_WARN_BOOL_CONVERSION = YES;
				CLANG_WARN_COMMA = YES;
				CLANG_WARN_CONSTANT_CONVERSION = YES;
				CLANG_WARN_DEPRECATED_OBJC_IMPLEMENTATIONS = YES;
				CLANG_WARN_DIRECT_OBJC_ISA_USAGE = YES_ERROR;
				CLANG_WARN_DOCUMENTATION_COMMENTS = YES;
				CLANG_WARN_EMPTY_BODY = YES;
				CLANG_WARN_ENUM_CONVERSION = YES;
				CLANG_WARN_INFINITE_RECURSION = YES;
				CLANG_WARN_INT_CONVERSION = YES;
				CLANG_WARN_NON_LITERAL_NULL_CONVERSION = YES;
				CLANG_WARN_OBJC_IMPLICIT_RETAIN_SELF = YES;
				CLANG_WARN_OBJC_LITERAL_CONVERSION = YES;
				CLANG_WARN_OBJC_ROOT_CLASS = YES_ERROR;
				CLANG_WARN_QUOTED_INCLUDE_IN_FRAMEWORK_HEADER = YES;
				CLANG_WARN_RANGE_LOOP_ANALYSIS = YES;
				CLANG_WARN_STRICT_PROTOTYPES = YES;
				CLANG_WARN_SUSPICIOUS_MOVE = YES;
				CLANG_WARN_UNGUARDED_AVAILABILITY = YES_AGGRESSIVE;
				CLANG_WARN_UNREACHABLE_CODE = YES;
				CLANG_WARN__DUPLICATE_METHOD_MATCH = YES;
				COPY_PHASE_STRIP = NO;
				DEBUG_INFORMATION_FORMAT = "dwarf-with-dsym";
				ENABLE_NS_ASSERTIONS = NO;
				ENABLE_STRICT_OBJC_MSGSEND = YES;
				ENABLE_USER_SCRIPT_SANDBOXING = YES;
				GCC_C_LANGUAGE_STANDARD = gnu17;
				GCC_NO_COMMON_BLOCKS = YES;
				GCC_WARN_64_TO_32_BIT_CONVERSION = YES;
				GCC_WARN_ABOUT_RETURN_TYPE = YES_ERROR;
				GCC_WARN_UNDECLARED_SELECTOR = YES;
				GCC_WARN_UNINITIALIZED_AUTOS = YES_AGGRESSIVE;
				GCC_WARN_UNUSED_FUNCTION = YES;
				GCC_WARN_UNUSED_VARIABLE = YES;
				IPHONEOS_DEPLOYMENT_TARGET = 17.0;
				LOCALIZATION_PREFERS_STRING_CATALOGS = YES;
				MTL_ENABLE_DEBUG_INFO = NO;
				MTL_FAST_MATH = YES;
				SDKROOT = iphoneos;
				SWIFT_COMPILATION_MODE = wholemodule;
				VALIDATE_PRODUCT = YES;
			};
			name = Release;
		};
		A1000001001900000000003A /* Debug */ = {
			isa = XCBuildConfiguration;
			buildSettings = {
				ASSETCATALOG_COMPILER_APPICON_NAME = AppIcon;
				ASSETCATALOG_COMPILER_GLOBAL_ACCENT_COLOR_NAME = AccentColor;
				CODE_SIGN_ENTITLEMENTS = Life380/Life380.entitlements;
				CODE_SIGN_STYLE = Automatic;
				CURRENT_PROJECT_VERSION = 1;
				DEVELOPMENT_TEAM = GULJ5VL8FJ;
				ENABLE_PREVIEWS = YES;
				GENERATE_INFOPLIST_FILE = YES;
				INFOPLIST_FILE = Life380/Info.plist;
				INFOPLIST_KEY_CFBundleDisplayName = Life380;
				INFOPLIST_KEY_ITSAppUsesNonExemptEncryption = NO;
				INFOPLIST_KEY_LSApplicationCategoryType = "public.app-category.social-networking";
				INFOPLIST_KEY_NSLocationAlwaysAndWhenInUseUsageDescription = "Life380 uses background location to notify your family when you arrive or leave places, even when the app is closed. This helps keep everyone connected and safe.";
				INFOPLIST_KEY_NSLocationAlwaysUsageDescription = "Life380 uses background location to notify your family when you arrive or leave places, even when the app is closed.";
				INFOPLIST_KEY_NSLocationWhenInUseUsageDescription = "Life380 uses your location to show where you are on the family map and calculate arrival times to saved places.";
				INFOPLIST_KEY_NSMotionUsageDescription = "Life380 uses motion data to improve location accuracy and detect when you're driving, walking, or stationary.";
				INFOPLIST_KEY_UIApplicationSceneManifest_Generation = YES;
				INFOPLIST_KEY_UIApplicationSupportsIndirectInputEvents = YES;
				INFOPLIST_KEY_UIRequiredDeviceCapabilities = "arm64 location-services";
				INFOPLIST_KEY_UISupportedInterfaceOrientations = UIInterfaceOrientationPortrait;
				INFOPLIST_KEY_UISupportedInterfaceOrientations_iPad = "UIInterfaceOrientationPortrait UIInterfaceOrientationPortraitUpsideDown UIInterfaceOrientationLandscapeLeft UIInterfaceOrientationLandscapeRight";
				INFOPLIST_KEY_UISupportedInterfaceOrientations_iPhone = "UIInterfaceOrientationPortrait UIInterfaceOrientationLandscapeLeft UIInterfaceOrientationLandscapeRight";
				LD_RUNPATH_SEARCH_PATHS = (
					"$(inherited)",
					"@executable_path/Frameworks",
				);
				MARKETING_VERSION = 1.0;
				PRODUCT_BUNDLE_IDENTIFIER = com.life380.app;
				PRODUCT_NAME = "$(TARGET_NAME)";
				SWIFT_EMIT_LOC_STRINGS = YES;
				SWIFT_VERSION = 5.0;
				TARGETED_DEVICE_FAMILY = "1,2";
			};
			name = Debug;
		};
		A1000001001900000000004A /* Release */ = {
			isa = XCBuildConfiguration;
			buildSettings = {
				ASSETCATALOG_COMPILER_APPICON_NAME = AppIcon;
				ASSETCATALOG_COMPILER_GLOBAL_ACCENT_COLOR_NAME = AccentColor;
				CODE_SIGN_ENTITLEMENTS = Life380/Life380.entitlements;
				CODE_SIGN_STYLE = Automatic;
				CURRENT_PROJECT_VERSION = 1;
				DEVELOPMENT_TEAM = GULJ5VL8FJ;
				ENABLE_PREVIEWS = YES;
				GENERATE_INFOPLIST_FILE = YES;
				INFOPLIST_FILE = Life380/Info.plist;
				INFOPLIST_KEY_CFBundleDisplayName = Life380;
				INFOPLIST_KEY_ITSAppUsesNonExemptEncryption = NO;
				INFOPLIST_KEY_LSApplicationCategoryType = "public.app-category.social-networking";
				INFOPLIST_KEY_NSLocationAlwaysAndWhenInUseUsageDescription = "Life380 uses background location to notify your family when you arrive or leave places, even when the app is closed. This helps keep everyone connected and safe.";
				INFOPLIST_KEY_NSLocationAlwaysUsageDescription = "Life380 uses background location to notify your family when you arrive or leave places, even when the app is closed.";
				INFOPLIST_KEY_NSLocationWhenInUseUsageDescription = "Life380 uses your location to show where you are on the family map and calculate arrival times to saved places.";
				INFOPLIST_KEY_NSMotionUsageDescription = "Life380 uses motion data to improve location accuracy and detect when you're driving, walking, or stationary.";
				INFOPLIST_KEY_UIApplicationSceneManifest_Generation = YES;
				INFOPLIST_KEY_UIApplicationSupportsIndirectInputEvents = YES;
				INFOPLIST_KEY_UIRequiredDeviceCapabilities = "arm64 location-services";
				INFOPLIST_KEY_UISupportedInterfaceOrientations = UIInterfaceOrientationPortrait;
				INFOPLIST_KEY_UISupportedInterfaceOrientations_iPad = "UIInterfaceOrientationPortrait UIInterfaceOrientationPortraitUpsideDown UIInterfaceOrientationLandscapeLeft UIInterfaceOrientationLandscapeRight";
				INFOPLIST_KEY_UISupportedInterfaceOrientations_iPhone = "UIInterfaceOrientationPortrait UIInterfaceOrientationLandscapeLeft UIInterfaceOrientationLandscapeRight";
				LD_RUNPATH_SEARCH_PATHS = (
					"$(inherited)",
					"@executable_path/Frameworks",
				);
				MARKETING_VERSION = 1.0;
				PRODUCT_BUNDLE_IDENTIFIER = com.life380.app;
				PRODUCT_NAME = "$(TARGET_NAME)";
				SWIFT_EMIT_LOC_STRINGS = YES;
				SWIFT_VERSION = 5.0;
				TARGETED_DEVICE_FAMILY = "1,2";
			};
			name = Release;
		};
/* End XCBuildConfiguration section */

/* Begin XCConfigurationList section */
		A1000001002000000000001A /* Build configuration list for PBXProject "Life380" */ = {
			isa = XCConfigurationList;
			buildConfigurations = (
				A1000001001900000000001A /* Debug */,
				A1000001001900000000002A /* Release */,
			);
			defaultConfigurationIsVisible = 0;
			defaultConfigurationName = Release;
		};
		A1000001002100000000001A /* Build configuration list for PBXNativeTarget "Life380" */ = {
			isa = XCConfigurationList;
			buildConfigurations = (
				A1000001001900000000003A /* Debug */,
				A1000001001900000000004A /* Release */,
			);
			defaultConfigurationIsVisible = 0;
			defaultConfigurationName = Release;
		};
/* End XCConfigurationList section */

/* Begin XCRemoteSwiftPackageReference section */
		31BB6B882F2716910005B915 /* XCRemoteSwiftPackageReference "firebase-ios-sdk" */ = {
			isa = XCRemoteSwiftPackageReference;
			repositoryURL = "https://github.com/firebase/firebase-ios-sdk";
			requirement = {
				kind = upToNextMajorVersion;
				minimumVersion = 12.8.0;
			};
		};
/* End XCRemoteSwiftPackageReference section */

/* Begin XCSwiftPackageProductDependency section */
		31BB6B892F2716910005B915 /* FirebaseAuth */ = {
			isa = XCSwiftPackageProductDependency;
			package = 31BB6B882F2716910005B915 /* XCRemoteSwiftPackageReference "firebase-ios-sdk" */;
			productName = FirebaseAuth;
		};
		31BB6B8B2F2716910005B915 /* FirebaseFirestore */ = {
			isa = XCSwiftPackageProductDependency;
			package = 31BB6B882F2716910005B915 /* XCRemoteSwiftPackageReference "firebase-ios-sdk" */;
			productName = FirebaseFirestore;
		};
		31BB6B8D2F2716910005B915 /* FirebaseMessaging */ = {
			isa = XCSwiftPackageProductDependency;
			package = 31BB6B882F2716910005B915 /* XCRemoteSwiftPackageReference "firebase-ios-sdk" */;
			productName = FirebaseMessaging;
		};
/* End XCSwiftPackageProductDependency section */
	};
	rootObject = A1000001001000000000001A /* Project object */;
}
